{
  "requires": true,
  "lockfileVersion": 1,
  "dependencies": {
    "@types/long": {
      "version": "4.0.1",
      "resolved": "https://registry.npmjs.org/@types/long/-/long-4.0.1.tgz",
      "integrity": "sha512-5tXH6Bx/kNGd3MgffdmP4dy2Z+G4eaXw0SE81Tq3BNadtnMR5/ySMzX4SLEzHJzSmPNn4HIdpQsBvXMUykr58w=="
    },
    "@types/node": {
      "version": "15.0.2",
      "resolved": "https://registry.npmjs.org/@types/node/-/node-15.0.2.tgz",
      "integrity": "sha512-p68+a+KoxpoB47015IeYZYRrdqMUcpbK8re/zpFB8Ld46LHC1lPEbp3EXgkEhAYEcPvjJF6ZO+869SQ0aH1dcA=="
    },
    "adm-zip": {
      "version": "0.5.5",
      "resolved": "https://registry.npmjs.org/adm-zip/-/adm-zip-0.5.5.tgz",
      "integrity": "sha512-IWwXKnCbirdbyXSfUDvCCrmYrOHANRZcc8NcRrvTlIApdl7PwE9oGcsYvNeJPAVY1M+70b4PxXGKIf8AEuiQ6w=="
    },
    "cassandra-driver": {
      "version": "4.6.2",
      "resolved": "https://registry.npmjs.org/cassandra-driver/-/cassandra-driver-4.6.2.tgz",
      "integrity": "sha512-XfDMlpyEl+mI1DSaw8YdLBUyc5wXwuVYWN0WEZOC50BrHSPUmCXA7fyyexwk3j5XiYd/7BXWvO9nnZ50asJPoQ==",
      "requires": {
        "@types/long": "^4.0.0",
        "@types/node": ">=8",
        "adm-zip": "^0.5.3",
        "long": "^2.2.0"
      }
    },
    "dotenv": {
      "version": "9.0.0",
      "resolved": "https://registry.npmjs.org/dotenv/-/dotenv-9.0.0.tgz",
      "integrity": "sha512-yy3x9XjojW8ROTBePD25AcMoHqGHsvHmtfw8QWlpEXyMMXXPj6brUA464AptUvHuTPRmNz6Sd3ZLNLeJl6dHJA=="
    },
    "long": {
      "version": "2.4.0",
      "resolved": "https://registry.npmjs.org/long/-/long-2.4.0.tgz",
      "integrity": "sha1-n6GAux2VAM3CnEFWdmoZleH0Uk8="
    }
  }
}
